
Microsoft Visual Studio Solution File, Format Version 12.00
# Visual Studio 15
VisualStudioVersion = 15.0.26730.16
MinimumVisualStudioVersion = 10.0.40219.1
Project("{F184B08F-C81C-45F6-A57F-5ABD9991F28F}") = "DaS.BossRush", "DaS.BossRush\DaS.BossRush.vbproj", "{A9E5F8D0-D9CF-4FBE-973A-9C6C133E1D59}"
EndProject
Project("{FAE04EC0-301F-11D3-BF4B-00C04F79EFBC}") = "Managed.X86", "Lib\Managed.X86\Managed.X86.csproj", "{1AAF4B4D-2986-4F56-BEBC-EEC6EA0EE435}"
EndProject
Project("{2150E333-8FDC-42A3-9474-1A3956D46DE8}") = "Lib", "Lib", "{B4A47DD6-DCB7-4F69-9104-28F7F14FE9F4}"
EndProject
Project("{2150E333-8FDC-42A3-9474-1A3956D46DE8}") = "Src", "Src", "{493E4616-0BE8-4670-AA9C-6A66803B5C2C}"
EndProject
Project("{FAE04EC0-301F-11D3-BF4B-00C04F79EFBC}") = "DaS.ScriptEditor.NEW", "DaS.ScriptEditor.NEW\DaS.ScriptEditor.NEW.csproj", "{66472AE2-2A90-455C-AB96-9A15D1040699}"
EndProject
Project("{FAE04EC0-301F-11D3-BF4B-00C04F79EFBC}") = "Xceed.Wpf.AvalonDock.Themes.Expression", "Lib\Xceed.Wpf.AvalonDock.Themes.Expression\Xceed.Wpf.AvalonDock.Themes.Expression.csproj", "{488DD8F7-9D3C-4F53-BD1F-84A095D9BC10}"
EndProject
Project("{FAE04EC0-301F-11D3-BF4B-00C04F79EFBC}") = "DaS.ScriptLib.Executor", "DaS.ScriptLib.Executor\DaS.ScriptLib.Executor.csproj", "{99334DBF-2673-46A8-B38C-62693050264B}"
EndProject
Project("{2150E333-8FDC-42A3-9474-1A3956D46DE8}") = "NeoLua", "NeoLua", "{1BF58914-ED4F-4780-867A-06094E1B45AB}"
EndProject
Project("{FAE04EC0-301F-11D3-BF4B-00C04F79EFBC}") = "NeoLua", "Lib\neolua\NeoLua\NeoLua.csproj", "{09AEBB35-719E-4E32-9836-F57D7D6F1607}"
EndProject
Project("{FAE04EC0-301F-11D3-BF4B-00C04F79EFBC}") = "NeoLuaD", "Lib\neolua\NeoLuaD\NeoLuaD.csproj", "{2FB491E8-65AF-4C0D-A13E-4AF73419AE0C}"
EndProject
Project("{FAE04EC0-301F-11D3-BF4B-00C04F79EFBC}") = "DaS.ScriptLib.NEW", "DaS.ScriptLib.NEW\DaS.ScriptLib.NEW.csproj", "{4EEF2FFB-9E6F-490E-B8D0-19C10451B461}"
EndProject
Global
	GlobalSection(SolutionConfigurationPlatforms) = preSolution
		Debug|Any CPU = Debug|Any CPU
		Debug|ARM = Debug|ARM
		Debug|x64 = Debug|x64
		Debug|x86 = Debug|x86
		DebugKopiLua|Any CPU = DebugKopiLua|Any CPU
		DebugKopiLua|ARM = DebugKopiLua|ARM
		DebugKopiLua|x64 = DebugKopiLua|x64
		DebugKopiLua|x86 = DebugKopiLua|x86
		DebugWin|Any CPU = DebugWin|Any CPU
		DebugWin|ARM = DebugWin|ARM
		DebugWin|x64 = DebugWin|x64
		DebugWin|x86 = DebugWin|x86
		Release|Any CPU = Release|Any CPU
		Release|ARM = Release|ARM
		Release|x64 = Release|x64
		Release|x86 = Release|x86
		ReleaseKopiLua|Any CPU = ReleaseKopiLua|Any CPU
		ReleaseKopiLua|ARM = ReleaseKopiLua|ARM
		ReleaseKopiLua|x64 = ReleaseKopiLua|x64
		ReleaseKopiLua|x86 = ReleaseKopiLua|x86
		ReleaseWin|Any CPU = ReleaseWin|Any CPU
		ReleaseWin|ARM = ReleaseWin|ARM
		ReleaseWin|x64 = ReleaseWin|x64
		ReleaseWin|x86 = ReleaseWin|x86
	EndGlobalSection
	GlobalSection(ProjectConfigurationPlatforms) = postSolution
		{A9E5F8D0-D9CF-4FBE-973A-9C6C133E1D59}.Debug|Any CPU.ActiveCfg = Debug|Any CPU
		{A9E5F8D0-D9CF-4FBE-973A-9C6C133E1D59}.Debug|Any CPU.Build.0 = Debug|Any CPU
		{A9E5F8D0-D9CF-4FBE-973A-9C6C133E1D59}.Debug|ARM.ActiveCfg = Debug|Any CPU
		{A9E5F8D0-D9CF-4FBE-973A-9C6C133E1D59}.Debug|ARM.Build.0 = Debug|Any CPU
		{A9E5F8D0-D9CF-4FBE-973A-9C6C133E1D59}.Debug|x64.ActiveCfg = Debug|Any CPU
		{A9E5F8D0-D9CF-4FBE-973A-9C6C133E1D59}.Debug|x64.Build.0 = Debug|Any CPU
		{A9E5F8D0-D9CF-4FBE-973A-9C6C133E1D59}.Debug|x86.ActiveCfg = Debug|Any CPU
		{A9E5F8D0-D9CF-4FBE-973A-9C6C133E1D59}.Debug|x86.Build.0 = Debug|Any CPU
		{A9E5F8D0-D9CF-4FBE-973A-9C6C133E1D59}.DebugKopiLua|Any CPU.ActiveCfg = Debug|Any CPU
		{A9E5F8D0-D9CF-4FBE-973A-9C6C133E1D59}.DebugKopiLua|Any CPU.Build.0 = Debug|Any CPU
		{A9E5F8D0-D9CF-4FBE-973A-9C6C133E1D59}.DebugKopiLua|ARM.ActiveCfg = Debug|Any CPU
		{A9E5F8D0-D9CF-4FBE-973A-9C6C133E1D59}.DebugKopiLua|ARM.Build.0 = Debug|Any CPU
		{A9E5F8D0-D9CF-4FBE-973A-9C6C133E1D59}.DebugKopiLua|x64.ActiveCfg = Debug|Any CPU
		{A9E5F8D0-D9CF-4FBE-973A-9C6C133E1D59}.DebugKopiLua|x64.Build.0 = Debug|Any CPU
		{A9E5F8D0-D9CF-4FBE-973A-9C6C133E1D59}.DebugKopiLua|x86.ActiveCfg = Debug|Any CPU
		{A9E5F8D0-D9CF-4FBE-973A-9C6C133E1D59}.DebugKopiLua|x86.Build.0 = Debug|Any CPU
		{A9E5F8D0-D9CF-4FBE-973A-9C6C133E1D59}.DebugWin|Any CPU.ActiveCfg = Debug|Any CPU
		{A9E5F8D0-D9CF-4FBE-973A-9C6C133E1D59}.DebugWin|Any CPU.Build.0 = Debug|Any CPU
		{A9E5F8D0-D9CF-4FBE-973A-9C6C133E1D59}.DebugWin|ARM.ActiveCfg = Debug|Any CPU
		{A9E5F8D0-D9CF-4FBE-973A-9C6C133E1D59}.DebugWin|ARM.Build.0 = Debug|Any CPU
		{A9E5F8D0-D9CF-4FBE-973A-9C6C133E1D59}.DebugWin|x64.ActiveCfg = Debug|Any CPU
		{A9E5F8D0-D9CF-4FBE-973A-9C6C133E1D59}.DebugWin|x64.Build.0 = Debug|Any CPU
		{A9E5F8D0-D9CF-4FBE-973A-9C6C133E1D59}.DebugWin|x86.ActiveCfg = Debug|Any CPU
		{A9E5F8D0-D9CF-4FBE-973A-9C6C133E1D59}.DebugWin|x86.Build.0 = Debug|Any CPU
		{A9E5F8D0-D9CF-4FBE-973A-9C6C133E1D59}.Release|Any CPU.ActiveCfg = Release|Any CPU
		{A9E5F8D0-D9CF-4FBE-973A-9C6C133E1D59}.Release|Any CPU.Build.0 = Release|Any CPU
		{A9E5F8D0-D9CF-4FBE-973A-9C6C133E1D59}.Release|ARM.ActiveCfg = Release|Any CPU
		{A9E5F8D0-D9CF-4FBE-973A-9C6C133E1D59}.Release|ARM.Build.0 = Release|Any CPU
		{A9E5F8D0-D9CF-4FBE-973A-9C6C133E1D59}.Release|x64.ActiveCfg = Release|Any CPU
		{A9E5F8D0-D9CF-4FBE-973A-9C6C133E1D59}.Release|x64.Build.0 = Release|Any CPU
		{A9E5F8D0-D9CF-4FBE-973A-9C6C133E1D59}.Release|x86.ActiveCfg = Release|Any CPU
		{A9E5F8D0-D9CF-4FBE-973A-9C6C133E1D59}.Release|x86.Build.0 = Release|Any CPU
		{A9E5F8D0-D9CF-4FBE-973A-9C6C133E1D59}.ReleaseKopiLua|Any CPU.ActiveCfg = Release|Any CPU
		{A9E5F8D0-D9CF-4FBE-973A-9C6C133E1D59}.ReleaseKopiLua|Any CPU.Build.0 = Release|Any CPU
		{A9E5F8D0-D9CF-4FBE-973A-9C6C133E1D59}.ReleaseKopiLua|ARM.ActiveCfg = Release|Any CPU
		{A9E5F8D0-D9CF-4FBE-973A-9C6C133E1D59}.ReleaseKopiLua|ARM.Build.0 = Release|Any CPU
		{A9E5F8D0-D9CF-4FBE-973A-9C6C133E1D59}.ReleaseKopiLua|x64.ActiveCfg = Release|Any CPU
		{A9E5F8D0-D9CF-4FBE-973A-9C6C133E1D59}.ReleaseKopiLua|x64.Build.0 = Release|Any CPU
		{A9E5F8D0-D9CF-4FBE-973A-9C6C133E1D59}.ReleaseKopiLua|x86.ActiveCfg = Release|Any CPU
		{A9E5F8D0-D9CF-4FBE-973A-9C6C133E1D59}.ReleaseKopiLua|x86.Build.0 = Release|Any CPU
		{A9E5F8D0-D9CF-4FBE-973A-9C6C133E1D59}.ReleaseWin|Any CPU.ActiveCfg = Release|Any CPU
		{A9E5F8D0-D9CF-4FBE-973A-9C6C133E1D59}.ReleaseWin|Any CPU.Build.0 = Release|Any CPU
		{A9E5F8D0-D9CF-4FBE-973A-9C6C133E1D59}.ReleaseWin|ARM.ActiveCfg = Release|Any CPU
		{A9E5F8D0-D9CF-4FBE-973A-9C6C133E1D59}.ReleaseWin|ARM.Build.0 = Release|Any CPU
		{A9E5F8D0-D9CF-4FBE-973A-9C6C133E1D59}.ReleaseWin|x64.ActiveCfg = Release|Any CPU
		{A9E5F8D0-D9CF-4FBE-973A-9C6C133E1D59}.ReleaseWin|x64.Build.0 = Release|Any CPU
		{A9E5F8D0-D9CF-4FBE-973A-9C6C133E1D59}.ReleaseWin|x86.ActiveCfg = Release|Any CPU
		{A9E5F8D0-D9CF-4FBE-973A-9C6C133E1D59}.ReleaseWin|x86.Build.0 = Release|Any CPU
		{1AAF4B4D-2986-4F56-BEBC-EEC6EA0EE435}.Debug|Any CPU.ActiveCfg = Debug|Any CPU
		{1AAF4B4D-2986-4F56-BEBC-EEC6EA0EE435}.Debug|Any CPU.Build.0 = Debug|Any CPU
		{1AAF4B4D-2986-4F56-BEBC-EEC6EA0EE435}.Debug|ARM.ActiveCfg = Debug|Any CPU
		{1AAF4B4D-2986-4F56-BEBC-EEC6EA0EE435}.Debug|ARM.Build.0 = Debug|Any CPU
		{1AAF4B4D-2986-4F56-BEBC-EEC6EA0EE435}.Debug|x64.ActiveCfg = Debug|Any CPU
		{1AAF4B4D-2986-4F56-BEBC-EEC6EA0EE435}.Debug|x64.Build.0 = Debug|Any CPU
		{1AAF4B4D-2986-4F56-BEBC-EEC6EA0EE435}.Debug|x86.ActiveCfg = Debug|Any CPU
		{1AAF4B4D-2986-4F56-BEBC-EEC6EA0EE435}.Debug|x86.Build.0 = Debug|Any CPU
		{1AAF4B4D-2986-4F56-BEBC-EEC6EA0EE435}.DebugKopiLua|Any CPU.ActiveCfg = Debug|Any CPU
		{1AAF4B4D-2986-4F56-BEBC-EEC6EA0EE435}.DebugKopiLua|Any CPU.Build.0 = Debug|Any CPU
		{1AAF4B4D-2986-4F56-BEBC-EEC6EA0EE435}.DebugKopiLua|ARM.ActiveCfg = Debug|Any CPU
		{1AAF4B4D-2986-4F56-BEBC-EEC6EA0EE435}.DebugKopiLua|ARM.Build.0 = Debug|Any CPU
		{1AAF4B4D-2986-4F56-BEBC-EEC6EA0EE435}.DebugKopiLua|x64.ActiveCfg = Debug|Any CPU
		{1AAF4B4D-2986-4F56-BEBC-EEC6EA0EE435}.DebugKopiLua|x64.Build.0 = Debug|Any CPU
		{1AAF4B4D-2986-4F56-BEBC-EEC6EA0EE435}.DebugKopiLua|x86.ActiveCfg = Debug|Any CPU
		{1AAF4B4D-2986-4F56-BEBC-EEC6EA0EE435}.DebugKopiLua|x86.Build.0 = Debug|Any CPU
		{1AAF4B4D-2986-4F56-BEBC-EEC6EA0EE435}.DebugWin|Any CPU.ActiveCfg = Debug|Any CPU
		{1AAF4B4D-2986-4F56-BEBC-EEC6EA0EE435}.DebugWin|Any CPU.Build.0 = Debug|Any CPU
		{1AAF4B4D-2986-4F56-BEBC-EEC6EA0EE435}.DebugWin|ARM.ActiveCfg = Debug|Any CPU
		{1AAF4B4D-2986-4F56-BEBC-EEC6EA0EE435}.DebugWin|ARM.Build.0 = Debug|Any CPU
		{1AAF4B4D-2986-4F56-BEBC-EEC6EA0EE435}.DebugWin|x64.ActiveCfg = Debug|Any CPU
		{1AAF4B4D-2986-4F56-BEBC-EEC6EA0EE435}.DebugWin|x64.Build.0 = Debug|Any CPU
		{1AAF4B4D-2986-4F56-BEBC-EEC6EA0EE435}.DebugWin|x86.ActiveCfg = Debug|Any CPU
		{1AAF4B4D-2986-4F56-BEBC-EEC6EA0EE435}.DebugWin|x86.Build.0 = Debug|Any CPU
		{1AAF4B4D-2986-4F56-BEBC-EEC6EA0EE435}.Release|Any CPU.ActiveCfg = Release|Any CPU
		{1AAF4B4D-2986-4F56-BEBC-EEC6EA0EE435}.Release|Any CPU.Build.0 = Release|Any CPU
		{1AAF4B4D-2986-4F56-BEBC-EEC6EA0EE435}.Release|ARM.ActiveCfg = Release|Any CPU
		{1AAF4B4D-2986-4F56-BEBC-EEC6EA0EE435}.Release|ARM.Build.0 = Release|Any CPU
		{1AAF4B4D-2986-4F56-BEBC-EEC6EA0EE435}.Release|x64.ActiveCfg = Release|Any CPU
		{1AAF4B4D-2986-4F56-BEBC-EEC6EA0EE435}.Release|x64.Build.0 = Release|Any CPU
		{1AAF4B4D-2986-4F56-BEBC-EEC6EA0EE435}.Release|x86.ActiveCfg = Release|Any CPU
		{1AAF4B4D-2986-4F56-BEBC-EEC6EA0EE435}.Release|x86.Build.0 = Release|Any CPU
		{1AAF4B4D-2986-4F56-BEBC-EEC6EA0EE435}.ReleaseKopiLua|Any CPU.ActiveCfg = Release|Any CPU
		{1AAF4B4D-2986-4F56-BEBC-EEC6EA0EE435}.ReleaseKopiLua|Any CPU.Build.0 = Release|Any CPU
		{1AAF4B4D-2986-4F56-BEBC-EEC6EA0EE435}.ReleaseKopiLua|ARM.ActiveCfg = Release|Any CPU
		{1AAF4B4D-2986-4F56-BEBC-EEC6EA0EE435}.ReleaseKopiLua|ARM.Build.0 = Release|Any CPU
		{1AAF4B4D-2986-4F56-BEBC-EEC6EA0EE435}.ReleaseKopiLua|x64.ActiveCfg = Release|Any CPU
		{1AAF4B4D-2986-4F56-BEBC-EEC6EA0EE435}.ReleaseKopiLua|x64.Build.0 = Release|Any CPU
		{1AAF4B4D-2986-4F56-BEBC-EEC6EA0EE435}.ReleaseKopiLua|x86.ActiveCfg = Release|Any CPU
		{1AAF4B4D-2986-4F56-BEBC-EEC6EA0EE435}.ReleaseKopiLua|x86.Build.0 = Release|Any CPU
		{1AAF4B4D-2986-4F56-BEBC-EEC6EA0EE435}.ReleaseWin|Any CPU.ActiveCfg = Release|Any CPU
		{1AAF4B4D-2986-4F56-BEBC-EEC6EA0EE435}.ReleaseWin|Any CPU.Build.0 = Release|Any CPU
		{1AAF4B4D-2986-4F56-BEBC-EEC6EA0EE435}.ReleaseWin|ARM.ActiveCfg = Release|Any CPU
		{1AAF4B4D-2986-4F56-BEBC-EEC6EA0EE435}.ReleaseWin|ARM.Build.0 = Release|Any CPU
		{1AAF4B4D-2986-4F56-BEBC-EEC6EA0EE435}.ReleaseWin|x64.ActiveCfg = Release|Any CPU
		{1AAF4B4D-2986-4F56-BEBC-EEC6EA0EE435}.ReleaseWin|x64.Build.0 = Release|Any CPU
		{1AAF4B4D-2986-4F56-BEBC-EEC6EA0EE435}.ReleaseWin|x86.ActiveCfg = Release|Any CPU
		{1AAF4B4D-2986-4F56-BEBC-EEC6EA0EE435}.ReleaseWin|x86.Build.0 = Release|Any CPU
		{66472AE2-2A90-455C-AB96-9A15D1040699}.Debug|Any CPU.ActiveCfg = Debug|Any CPU
		{66472AE2-2A90-455C-AB96-9A15D1040699}.Debug|Any CPU.Build.0 = Debug|Any CPU
		{66472AE2-2A90-455C-AB96-9A15D1040699}.Debug|ARM.ActiveCfg = Debug|Any CPU
		{66472AE2-2A90-455C-AB96-9A15D1040699}.Debug|ARM.Build.0 = Debug|Any CPU
		{66472AE2-2A90-455C-AB96-9A15D1040699}.Debug|x64.ActiveCfg = Debug|Any CPU
		{66472AE2-2A90-455C-AB96-9A15D1040699}.Debug|x64.Build.0 = Debug|Any CPU
		{66472AE2-2A90-455C-AB96-9A15D1040699}.Debug|x86.ActiveCfg = Debug|Any CPU
		{66472AE2-2A90-455C-AB96-9A15D1040699}.Debug|x86.Build.0 = Debug|Any CPU
		{66472AE2-2A90-455C-AB96-9A15D1040699}.DebugKopiLua|Any CPU.ActiveCfg = Debug|Any CPU
		{66472AE2-2A90-455C-AB96-9A15D1040699}.DebugKopiLua|Any CPU.Build.0 = Debug|Any CPU
		{66472AE2-2A90-455C-AB96-9A15D1040699}.DebugKopiLua|ARM.ActiveCfg = Debug|Any CPU
		{66472AE2-2A90-455C-AB96-9A15D1040699}.DebugKopiLua|ARM.Build.0 = Debug|Any CPU
		{66472AE2-2A90-455C-AB96-9A15D1040699}.DebugKopiLua|x64.ActiveCfg = Debug|Any CPU
		{66472AE2-2A90-455C-AB96-9A15D1040699}.DebugKopiLua|x64.Build.0 = Debug|Any CPU
		{66472AE2-2A90-455C-AB96-9A15D1040699}.DebugKopiLua|x86.ActiveCfg = Debug|Any CPU
		{66472AE2-2A90-455C-AB96-9A15D1040699}.DebugKopiLua|x86.Build.0 = Debug|Any CPU
		{66472AE2-2A90-455C-AB96-9A15D1040699}.DebugWin|Any CPU.ActiveCfg = Debug|Any CPU
		{66472AE2-2A90-455C-AB96-9A15D1040699}.DebugWin|Any CPU.Build.0 = Debug|Any CPU
		{66472AE2-2A90-455C-AB96-9A15D1040699}.DebugWin|ARM.ActiveCfg = Debug|Any CPU
		{66472AE2-2A90-455C-AB96-9A15D1040699}.DebugWin|ARM.Build.0 = Debug|Any CPU
		{66472AE2-2A90-455C-AB96-9A15D1040699}.DebugWin|x64.ActiveCfg = Debug|Any CPU
		{66472AE2-2A90-455C-AB96-9A15D1040699}.DebugWin|x64.Build.0 = Debug|Any CPU
		{66472AE2-2A90-455C-AB96-9A15D1040699}.DebugWin|x86.ActiveCfg = Debug|Any CPU
		{66472AE2-2A90-455C-AB96-9A15D1040699}.DebugWin|x86.Build.0 = Debug|Any CPU
		{66472AE2-2A90-455C-AB96-9A15D1040699}.Release|Any CPU.ActiveCfg = Release|Any CPU
		{66472AE2-2A90-455C-AB96-9A15D1040699}.Release|Any CPU.Build.0 = Release|Any CPU
		{66472AE2-2A90-455C-AB96-9A15D1040699}.Release|ARM.ActiveCfg = Release|Any CPU
		{66472AE2-2A90-455C-AB96-9A15D1040699}.Release|ARM.Build.0 = Release|Any CPU
		{66472AE2-2A90-455C-AB96-9A15D1040699}.Release|x64.ActiveCfg = Release|Any CPU
		{66472AE2-2A90-455C-AB96-9A15D1040699}.Release|x64.Build.0 = Release|Any CPU
		{66472AE2-2A90-455C-AB96-9A15D1040699}.Release|x86.ActiveCfg = Release|Any CPU
		{66472AE2-2A90-455C-AB96-9A15D1040699}.Release|x86.Build.0 = Release|Any CPU
		{66472AE2-2A90-455C-AB96-9A15D1040699}.ReleaseKopiLua|Any CPU.ActiveCfg = Release|Any CPU
		{66472AE2-2A90-455C-AB96-9A15D1040699}.ReleaseKopiLua|Any CPU.Build.0 = Release|Any CPU
		{66472AE2-2A90-455C-AB96-9A15D1040699}.ReleaseKopiLua|ARM.ActiveCfg = Release|Any CPU
		{66472AE2-2A90-455C-AB96-9A15D1040699}.ReleaseKopiLua|ARM.Build.0 = Release|Any CPU
		{66472AE2-2A90-455C-AB96-9A15D1040699}.ReleaseKopiLua|x64.ActiveCfg = Release|Any CPU
		{66472AE2-2A90-455C-AB96-9A15D1040699}.ReleaseKopiLua|x64.Build.0 = Release|Any CPU
		{66472AE2-2A90-455C-AB96-9A15D1040699}.ReleaseKopiLua|x86.ActiveCfg = Release|Any CPU
		{66472AE2-2A90-455C-AB96-9A15D1040699}.ReleaseKopiLua|x86.Build.0 = Release|Any CPU
		{66472AE2-2A90-455C-AB96-9A15D1040699}.ReleaseWin|Any CPU.ActiveCfg = Release|Any CPU
		{66472AE2-2A90-455C-AB96-9A15D1040699}.ReleaseWin|Any CPU.Build.0 = Release|Any CPU
		{66472AE2-2A90-455C-AB96-9A15D1040699}.ReleaseWin|ARM.ActiveCfg = Release|Any CPU
		{66472AE2-2A90-455C-AB96-9A15D1040699}.ReleaseWin|ARM.Build.0 = Release|Any CPU
		{66472AE2-2A90-455C-AB96-9A15D1040699}.ReleaseWin|x64.ActiveCfg = Release|Any CPU
		{66472AE2-2A90-455C-AB96-9A15D1040699}.ReleaseWin|x64.Build.0 = Release|Any CPU
		{66472AE2-2A90-455C-AB96-9A15D1040699}.ReleaseWin|x86.ActiveCfg = Release|Any CPU
		{66472AE2-2A90-455C-AB96-9A15D1040699}.ReleaseWin|x86.Build.0 = Release|Any CPU
		{488DD8F7-9D3C-4F53-BD1F-84A095D9BC10}.Debug|Any CPU.ActiveCfg = Debug|Any CPU
		{488DD8F7-9D3C-4F53-BD1F-84A095D9BC10}.Debug|Any CPU.Build.0 = Debug|Any CPU
		{488DD8F7-9D3C-4F53-BD1F-84A095D9BC10}.Debug|ARM.ActiveCfg = Debug|Any CPU
		{488DD8F7-9D3C-4F53-BD1F-84A095D9BC10}.Debug|ARM.Build.0 = Debug|Any CPU
		{488DD8F7-9D3C-4F53-BD1F-84A095D9BC10}.Debug|x64.ActiveCfg = Debug|Any CPU
		{488DD8F7-9D3C-4F53-BD1F-84A095D9BC10}.Debug|x64.Build.0 = Debug|Any CPU
		{488DD8F7-9D3C-4F53-BD1F-84A095D9BC10}.Debug|x86.ActiveCfg = Debug|Any CPU
		{488DD8F7-9D3C-4F53-BD1F-84A095D9BC10}.Debug|x86.Build.0 = Debug|Any CPU
		{488DD8F7-9D3C-4F53-BD1F-84A095D9BC10}.DebugKopiLua|Any CPU.ActiveCfg = Debug|Any CPU
		{488DD8F7-9D3C-4F53-BD1F-84A095D9BC10}.DebugKopiLua|Any CPU.Build.0 = Debug|Any CPU
		{488DD8F7-9D3C-4F53-BD1F-84A095D9BC10}.DebugKopiLua|ARM.ActiveCfg = Debug|Any CPU
		{488DD8F7-9D3C-4F53-BD1F-84A095D9BC10}.DebugKopiLua|ARM.Build.0 = Debug|Any CPU
		{488DD8F7-9D3C-4F53-BD1F-84A095D9BC10}.DebugKopiLua|x64.ActiveCfg = Debug|Any CPU
		{488DD8F7-9D3C-4F53-BD1F-84A095D9BC10}.DebugKopiLua|x64.Build.0 = Debug|Any CPU
		{488DD8F7-9D3C-4F53-BD1F-84A095D9BC10}.DebugKopiLua|x86.ActiveCfg = Debug|Any CPU
		{488DD8F7-9D3C-4F53-BD1F-84A095D9BC10}.DebugKopiLua|x86.Build.0 = Debug|Any CPU
		{488DD8F7-9D3C-4F53-BD1F-84A095D9BC10}.DebugWin|Any CPU.ActiveCfg = Debug|Any CPU
		{488DD8F7-9D3C-4F53-BD1F-84A095D9BC10}.DebugWin|Any CPU.Build.0 = Debug|Any CPU
		{488DD8F7-9D3C-4F53-BD1F-84A095D9BC10}.DebugWin|ARM.ActiveCfg = Debug|Any CPU
		{488DD8F7-9D3C-4F53-BD1F-84A095D9BC10}.DebugWin|ARM.Build.0 = Debug|Any CPU
		{488DD8F7-9D3C-4F53-BD1F-84A095D9BC10}.DebugWin|x64.ActiveCfg = Debug|Any CPU
		{488DD8F7-9D3C-4F53-BD1F-84A095D9BC10}.DebugWin|x64.Build.0 = Debug|Any CPU
		{488DD8F7-9D3C-4F53-BD1F-84A095D9BC10}.DebugWin|x86.ActiveCfg = Debug|Any CPU
		{488DD8F7-9D3C-4F53-BD1F-84A095D9BC10}.DebugWin|x86.Build.0 = Debug|Any CPU
		{488DD8F7-9D3C-4F53-BD1F-84A095D9BC10}.Release|Any CPU.ActiveCfg = Release|Any CPU
		{488DD8F7-9D3C-4F53-BD1F-84A095D9BC10}.Release|Any CPU.Build.0 = Release|Any CPU
		{488DD8F7-9D3C-4F53-BD1F-84A095D9BC10}.Release|ARM.ActiveCfg = Release|Any CPU
		{488DD8F7-9D3C-4F53-BD1F-84A095D9BC10}.Release|ARM.Build.0 = Release|Any CPU
		{488DD8F7-9D3C-4F53-BD1F-84A095D9BC10}.Release|x64.ActiveCfg = Release|Any CPU
		{488DD8F7-9D3C-4F53-BD1F-84A095D9BC10}.Release|x64.Build.0 = Release|Any CPU
		{488DD8F7-9D3C-4F53-BD1F-84A095D9BC10}.Release|x86.ActiveCfg = Release|Any CPU
		{488DD8F7-9D3C-4F53-BD1F-84A095D9BC10}.Release|x86.Build.0 = Release|Any CPU
		{488DD8F7-9D3C-4F53-BD1F-84A095D9BC10}.ReleaseKopiLua|Any CPU.ActiveCfg = Release|Any CPU
		{488DD8F7-9D3C-4F53-BD1F-84A095D9BC10}.ReleaseKopiLua|Any CPU.Build.0 = Release|Any CPU
		{488DD8F7-9D3C-4F53-BD1F-84A095D9BC10}.ReleaseKopiLua|ARM.ActiveCfg = Release|Any CPU
		{488DD8F7-9D3C-4F53-BD1F-84A095D9BC10}.ReleaseKopiLua|ARM.Build.0 = Release|Any CPU
		{488DD8F7-9D3C-4F53-BD1F-84A095D9BC10}.ReleaseKopiLua|x64.ActiveCfg = Release|Any CPU
		{488DD8F7-9D3C-4F53-BD1F-84A095D9BC10}.ReleaseKopiLua|x64.Build.0 = Release|Any CPU
		{488DD8F7-9D3C-4F53-BD1F-84A095D9BC10}.ReleaseKopiLua|x86.ActiveCfg = Release|Any CPU
		{488DD8F7-9D3C-4F53-BD1F-84A095D9BC10}.ReleaseKopiLua|x86.Build.0 = Release|Any CPU
		{488DD8F7-9D3C-4F53-BD1F-84A095D9BC10}.ReleaseWin|Any CPU.ActiveCfg = Release|Any CPU
		{488DD8F7-9D3C-4F53-BD1F-84A095D9BC10}.ReleaseWin|Any CPU.Build.0 = Release|Any CPU
		{488DD8F7-9D3C-4F53-BD1F-84A095D9BC10}.ReleaseWin|ARM.ActiveCfg = Release|Any CPU
		{488DD8F7-9D3C-4F53-BD1F-84A095D9BC10}.ReleaseWin|ARM.Build.0 = Release|Any CPU
		{488DD8F7-9D3C-4F53-BD1F-84A095D9BC10}.ReleaseWin|x64.ActiveCfg = Release|Any CPU
		{488DD8F7-9D3C-4F53-BD1F-84A095D9BC10}.ReleaseWin|x64.Build.0 = Release|Any CPU
		{488DD8F7-9D3C-4F53-BD1F-84A095D9BC10}.ReleaseWin|x86.ActiveCfg = Release|Any CPU
		{488DD8F7-9D3C-4F53-BD1F-84A095D9BC10}.ReleaseWin|x86.Build.0 = Release|Any CPU
		{99334DBF-2673-46A8-B38C-62693050264B}.Debug|Any CPU.ActiveCfg = Debug|Any CPU
		{99334DBF-2673-46A8-B38C-62693050264B}.Debug|Any CPU.Build.0 = Debug|Any CPU
		{99334DBF-2673-46A8-B38C-62693050264B}.Debug|ARM.ActiveCfg = Debug|Any CPU
		{99334DBF-2673-46A8-B38C-62693050264B}.Debug|ARM.Build.0 = Debug|Any CPU
		{99334DBF-2673-46A8-B38C-62693050264B}.Debug|x64.ActiveCfg = Debug|Any CPU
		{99334DBF-2673-46A8-B38C-62693050264B}.Debug|x64.Build.0 = Debug|Any CPU
		{99334DBF-2673-46A8-B38C-62693050264B}.Debug|x86.ActiveCfg = Debug|Any CPU
		{99334DBF-2673-46A8-B38C-62693050264B}.Debug|x86.Build.0 = Debug|Any CPU
		{99334DBF-2673-46A8-B38C-62693050264B}.DebugKopiLua|Any CPU.ActiveCfg = Debug|Any CPU
		{99334DBF-2673-46A8-B38C-62693050264B}.DebugKopiLua|Any CPU.Build.0 = Debug|Any CPU
		{99334DBF-2673-46A8-B38C-62693050264B}.DebugKopiLua|ARM.ActiveCfg = Debug|Any CPU
		{99334DBF-2673-46A8-B38C-62693050264B}.DebugKopiLua|ARM.Build.0 = Debug|Any CPU
		{99334DBF-2673-46A8-B38C-62693050264B}.DebugKopiLua|x64.ActiveCfg = Debug|Any CPU
		{99334DBF-2673-46A8-B38C-62693050264B}.DebugKopiLua|x64.Build.0 = Debug|Any CPU
		{99334DBF-2673-46A8-B38C-62693050264B}.DebugKopiLua|x86.ActiveCfg = Debug|Any CPU
		{99334DBF-2673-46A8-B38C-62693050264B}.DebugKopiLua|x86.Build.0 = Debug|Any CPU
		{99334DBF-2673-46A8-B38C-62693050264B}.DebugWin|Any CPU.ActiveCfg = Debug|Any CPU
		{99334DBF-2673-46A8-B38C-62693050264B}.DebugWin|Any CPU.Build.0 = Debug|Any CPU
		{99334DBF-2673-46A8-B38C-62693050264B}.DebugWin|ARM.ActiveCfg = Debug|Any CPU
		{99334DBF-2673-46A8-B38C-62693050264B}.DebugWin|ARM.Build.0 = Debug|Any CPU
		{99334DBF-2673-46A8-B38C-62693050264B}.DebugWin|x64.ActiveCfg = Debug|Any CPU
		{99334DBF-2673-46A8-B38C-62693050264B}.DebugWin|x64.Build.0 = Debug|Any CPU
		{99334DBF-2673-46A8-B38C-62693050264B}.DebugWin|x86.ActiveCfg = Debug|Any CPU
		{99334DBF-2673-46A8-B38C-62693050264B}.DebugWin|x86.Build.0 = Debug|Any CPU
		{99334DBF-2673-46A8-B38C-62693050264B}.Release|Any CPU.ActiveCfg = Release|Any CPU
		{99334DBF-2673-46A8-B38C-62693050264B}.Release|Any CPU.Build.0 = Release|Any CPU
		{99334DBF-2673-46A8-B38C-62693050264B}.Release|ARM.ActiveCfg = Release|Any CPU
		{99334DBF-2673-46A8-B38C-62693050264B}.Release|ARM.Build.0 = Release|Any CPU
		{99334DBF-2673-46A8-B38C-62693050264B}.Release|x64.ActiveCfg = Release|Any CPU
		{99334DBF-2673-46A8-B38C-62693050264B}.Release|x64.Build.0 = Release|Any CPU
		{99334DBF-2673-46A8-B38C-62693050264B}.Release|x86.ActiveCfg = Release|Any CPU
		{99334DBF-2673-46A8-B38C-62693050264B}.Release|x86.Build.0 = Release|Any CPU
		{99334DBF-2673-46A8-B38C-62693050264B}.ReleaseKopiLua|Any CPU.ActiveCfg = Release|Any CPU
		{99334DBF-2673-46A8-B38C-62693050264B}.ReleaseKopiLua|Any CPU.Build.0 = Release|Any CPU
		{99334DBF-2673-46A8-B38C-62693050264B}.ReleaseKopiLua|ARM.ActiveCfg = Release|Any CPU
		{99334DBF-2673-46A8-B38C-62693050264B}.ReleaseKopiLua|ARM.Build.0 = Release|Any CPU
		{99334DBF-2673-46A8-B38C-62693050264B}.ReleaseKopiLua|x64.ActiveCfg = Release|Any CPU
		{99334DBF-2673-46A8-B38C-62693050264B}.ReleaseKopiLua|x64.Build.0 = Release|Any CPU
		{99334DBF-2673-46A8-B38C-62693050264B}.ReleaseKopiLua|x86.ActiveCfg = Release|Any CPU
		{99334DBF-2673-46A8-B38C-62693050264B}.ReleaseKopiLua|x86.Build.0 = Release|Any CPU
		{99334DBF-2673-46A8-B38C-62693050264B}.ReleaseWin|Any CPU.ActiveCfg = Release|Any CPU
		{99334DBF-2673-46A8-B38C-62693050264B}.ReleaseWin|Any CPU.Build.0 = Release|Any CPU
		{99334DBF-2673-46A8-B38C-62693050264B}.ReleaseWin|ARM.ActiveCfg = Release|Any CPU
		{99334DBF-2673-46A8-B38C-62693050264B}.ReleaseWin|ARM.Build.0 = Release|Any CPU
		{99334DBF-2673-46A8-B38C-62693050264B}.ReleaseWin|x64.ActiveCfg = Release|Any CPU
		{99334DBF-2673-46A8-B38C-62693050264B}.ReleaseWin|x64.Build.0 = Release|Any CPU
		{99334DBF-2673-46A8-B38C-62693050264B}.ReleaseWin|x86.ActiveCfg = Release|Any CPU
		{99334DBF-2673-46A8-B38C-62693050264B}.ReleaseWin|x86.Build.0 = Release|Any CPU
		{09AEBB35-719E-4E32-9836-F57D7D6F1607}.Debug|Any CPU.ActiveCfg = Debug|Any CPU
		{09AEBB35-719E-4E32-9836-F57D7D6F1607}.Debug|Any CPU.Build.0 = Debug|Any CPU
		{09AEBB35-719E-4E32-9836-F57D7D6F1607}.Debug|ARM.ActiveCfg = Debug|Any CPU
		{09AEBB35-719E-4E32-9836-F57D7D6F1607}.Debug|ARM.Build.0 = Debug|Any CPU
		{09AEBB35-719E-4E32-9836-F57D7D6F1607}.Debug|x64.ActiveCfg = Debug|Any CPU
		{09AEBB35-719E-4E32-9836-F57D7D6F1607}.Debug|x64.Build.0 = Debug|Any CPU
		{09AEBB35-719E-4E32-9836-F57D7D6F1607}.Debug|x86.ActiveCfg = Debug|Any CPU
		{09AEBB35-719E-4E32-9836-F57D7D6F1607}.Debug|x86.Build.0 = Debug|Any CPU
		{09AEBB35-719E-4E32-9836-F57D7D6F1607}.DebugKopiLua|Any CPU.ActiveCfg = Debug|Any CPU
		{09AEBB35-719E-4E32-9836-F57D7D6F1607}.DebugKopiLua|Any CPU.Build.0 = Debug|Any CPU
		{09AEBB35-719E-4E32-9836-F57D7D6F1607}.DebugKopiLua|ARM.ActiveCfg = Debug|Any CPU
		{09AEBB35-719E-4E32-9836-F57D7D6F1607}.DebugKopiLua|ARM.Build.0 = Debug|Any CPU
		{09AEBB35-719E-4E32-9836-F57D7D6F1607}.DebugKopiLua|x64.ActiveCfg = Debug|Any CPU
		{09AEBB35-719E-4E32-9836-F57D7D6F1607}.DebugKopiLua|x64.Build.0 = Debug|Any CPU
		{09AEBB35-719E-4E32-9836-F57D7D6F1607}.DebugKopiLua|x86.ActiveCfg = Debug|Any CPU
		{09AEBB35-719E-4E32-9836-F57D7D6F1607}.DebugKopiLua|x86.Build.0 = Debug|Any CPU
		{09AEBB35-719E-4E32-9836-F57D7D6F1607}.DebugWin|Any CPU.ActiveCfg = Debug|Any CPU
		{09AEBB35-719E-4E32-9836-F57D7D6F1607}.DebugWin|Any CPU.Build.0 = Debug|Any CPU
		{09AEBB35-719E-4E32-9836-F57D7D6F1607}.DebugWin|ARM.ActiveCfg = Debug|Any CPU
		{09AEBB35-719E-4E32-9836-F57D7D6F1607}.DebugWin|ARM.Build.0 = Debug|Any CPU
		{09AEBB35-719E-4E32-9836-F57D7D6F1607}.DebugWin|x64.ActiveCfg = Debug|Any CPU
		{09AEBB35-719E-4E32-9836-F57D7D6F1607}.DebugWin|x64.Build.0 = Debug|Any CPU
		{09AEBB35-719E-4E32-9836-F57D7D6F1607}.DebugWin|x86.ActiveCfg = Debug|Any CPU
		{09AEBB35-719E-4E32-9836-F57D7D6F1607}.DebugWin|x86.Build.0 = Debug|Any CPU
		{09AEBB35-719E-4E32-9836-F57D7D6F1607}.Release|Any CPU.ActiveCfg = Release|Any CPU
		{09AEBB35-719E-4E32-9836-F57D7D6F1607}.Release|Any CPU.Build.0 = Release|Any CPU
		{09AEBB35-719E-4E32-9836-F57D7D6F1607}.Release|ARM.ActiveCfg = Release|Any CPU
		{09AEBB35-719E-4E32-9836-F57D7D6F1607}.Release|ARM.Build.0 = Release|Any CPU
		{09AEBB35-719E-4E32-9836-F57D7D6F1607}.Release|x64.ActiveCfg = Release|Any CPU
		{09AEBB35-719E-4E32-9836-F57D7D6F1607}.Release|x64.Build.0 = Release|Any CPU
		{09AEBB35-719E-4E32-9836-F57D7D6F1607}.Release|x86.ActiveCfg = Release|Any CPU
		{09AEBB35-719E-4E32-9836-F57D7D6F1607}.Release|x86.Build.0 = Release|Any CPU
		{09AEBB35-719E-4E32-9836-F57D7D6F1607}.ReleaseKopiLua|Any CPU.ActiveCfg = Release|Any CPU
		{09AEBB35-719E-4E32-9836-F57D7D6F1607}.ReleaseKopiLua|Any CPU.Build.0 = Release|Any CPU
		{09AEBB35-719E-4E32-9836-F57D7D6F1607}.ReleaseKopiLua|ARM.ActiveCfg = Release|Any CPU
		{09AEBB35-719E-4E32-9836-F57D7D6F1607}.ReleaseKopiLua|ARM.Build.0 = Release|Any CPU
		{09AEBB35-719E-4E32-9836-F57D7D6F1607}.ReleaseKopiLua|x64.ActiveCfg = Release|Any CPU
		{09AEBB35-719E-4E32-9836-F57D7D6F1607}.ReleaseKopiLua|x64.Build.0 = Release|Any CPU
		{09AEBB35-719E-4E32-9836-F57D7D6F1607}.ReleaseKopiLua|x86.ActiveCfg = Release|Any CPU
		{09AEBB35-719E-4E32-9836-F57D7D6F1607}.ReleaseKopiLua|x86.Build.0 = Release|Any CPU
		{09AEBB35-719E-4E32-9836-F57D7D6F1607}.ReleaseWin|Any CPU.ActiveCfg = Release|Any CPU
		{09AEBB35-719E-4E32-9836-F57D7D6F1607}.ReleaseWin|Any CPU.Build.0 = Release|Any CPU
		{09AEBB35-719E-4E32-9836-F57D7D6F1607}.ReleaseWin|ARM.ActiveCfg = Release|Any CPU
		{09AEBB35-719E-4E32-9836-F57D7D6F1607}.ReleaseWin|ARM.Build.0 = Release|Any CPU
		{09AEBB35-719E-4E32-9836-F57D7D6F1607}.ReleaseWin|x64.ActiveCfg = Release|Any CPU
		{09AEBB35-719E-4E32-9836-F57D7D6F1607}.ReleaseWin|x64.Build.0 = Release|Any CPU
		{09AEBB35-719E-4E32-9836-F57D7D6F1607}.ReleaseWin|x86.ActiveCfg = Release|Any CPU
		{09AEBB35-719E-4E32-9836-F57D7D6F1607}.ReleaseWin|x86.Build.0 = Release|Any CPU
		{2FB491E8-65AF-4C0D-A13E-4AF73419AE0C}.Debug|Any CPU.ActiveCfg = Debug|Any CPU
		{2FB491E8-65AF-4C0D-A13E-4AF73419AE0C}.Debug|Any CPU.Build.0 = Debug|Any CPU
		{2FB491E8-65AF-4C0D-A13E-4AF73419AE0C}.Debug|ARM.ActiveCfg = Debug|Any CPU
		{2FB491E8-65AF-4C0D-A13E-4AF73419AE0C}.Debug|ARM.Build.0 = Debug|Any CPU
		{2FB491E8-65AF-4C0D-A13E-4AF73419AE0C}.Debug|x64.ActiveCfg = Debug|Any CPU
		{2FB491E8-65AF-4C0D-A13E-4AF73419AE0C}.Debug|x64.Build.0 = Debug|Any CPU
		{2FB491E8-65AF-4C0D-A13E-4AF73419AE0C}.Debug|x86.ActiveCfg = Debug|Any CPU
		{2FB491E8-65AF-4C0D-A13E-4AF73419AE0C}.Debug|x86.Build.0 = Debug|Any CPU
		{2FB491E8-65AF-4C0D-A13E-4AF73419AE0C}.DebugKopiLua|Any CPU.ActiveCfg = Debug|Any CPU
		{2FB491E8-65AF-4C0D-A13E-4AF73419AE0C}.DebugKopiLua|Any CPU.Build.0 = Debug|Any CPU
		{2FB491E8-65AF-4C0D-A13E-4AF73419AE0C}.DebugKopiLua|ARM.ActiveCfg = Debug|Any CPU
		{2FB491E8-65AF-4C0D-A13E-4AF73419AE0C}.DebugKopiLua|ARM.Build.0 = Debug|Any CPU
		{2FB491E8-65AF-4C0D-A13E-4AF73419AE0C}.DebugKopiLua|x64.ActiveCfg = Debug|Any CPU
		{2FB491E8-65AF-4C0D-A13E-4AF73419AE0C}.DebugKopiLua|x64.Build.0 = Debug|Any CPU
		{2FB491E8-65AF-4C0D-A13E-4AF73419AE0C}.DebugKopiLua|x86.ActiveCfg = Debug|Any CPU
		{2FB491E8-65AF-4C0D-A13E-4AF73419AE0C}.DebugKopiLua|x86.Build.0 = Debug|Any CPU
		{2FB491E8-65AF-4C0D-A13E-4AF73419AE0C}.DebugWin|Any CPU.ActiveCfg = Debug|Any CPU
		{2FB491E8-65AF-4C0D-A13E-4AF73419AE0C}.DebugWin|Any CPU.Build.0 = Debug|Any CPU
		{2FB491E8-65AF-4C0D-A13E-4AF73419AE0C}.DebugWin|ARM.ActiveCfg = Debug|Any CPU
		{2FB491E8-65AF-4C0D-A13E-4AF73419AE0C}.DebugWin|ARM.Build.0 = Debug|Any CPU
		{2FB491E8-65AF-4C0D-A13E-4AF73419AE0C}.DebugWin|x64.ActiveCfg = Debug|Any CPU
		{2FB491E8-65AF-4C0D-A13E-4AF73419AE0C}.DebugWin|x64.Build.0 = Debug|Any CPU
		{2FB491E8-65AF-4C0D-A13E-4AF73419AE0C}.DebugWin|x86.ActiveCfg = Debug|Any CPU
		{2FB491E8-65AF-4C0D-A13E-4AF73419AE0C}.DebugWin|x86.Build.0 = Debug|Any CPU
		{2FB491E8-65AF-4C0D-A13E-4AF73419AE0C}.Release|Any CPU.ActiveCfg = Release|Any CPU
		{2FB491E8-65AF-4C0D-A13E-4AF73419AE0C}.Release|Any CPU.Build.0 = Release|Any CPU
		{2FB491E8-65AF-4C0D-A13E-4AF73419AE0C}.Release|ARM.ActiveCfg = Release|Any CPU
		{2FB491E8-65AF-4C0D-A13E-4AF73419AE0C}.Release|ARM.Build.0 = Release|Any CPU
		{2FB491E8-65AF-4C0D-A13E-4AF73419AE0C}.Release|x64.ActiveCfg = Release|Any CPU
		{2FB491E8-65AF-4C0D-A13E-4AF73419AE0C}.Release|x64.Build.0 = Release|Any CPU
		{2FB491E8-65AF-4C0D-A13E-4AF73419AE0C}.Release|x86.ActiveCfg = Release|Any CPU
		{2FB491E8-65AF-4C0D-A13E-4AF73419AE0C}.Release|x86.Build.0 = Release|Any CPU
		{2FB491E8-65AF-4C0D-A13E-4AF73419AE0C}.ReleaseKopiLua|Any CPU.ActiveCfg = Release|Any CPU
		{2FB491E8-65AF-4C0D-A13E-4AF73419AE0C}.ReleaseKopiLua|Any CPU.Build.0 = Release|Any CPU
		{2FB491E8-65AF-4C0D-A13E-4AF73419AE0C}.ReleaseKopiLua|ARM.ActiveCfg = Release|Any CPU
		{2FB491E8-65AF-4C0D-A13E-4AF73419AE0C}.ReleaseKopiLua|ARM.Build.0 = Release|Any CPU
		{2FB491E8-65AF-4C0D-A13E-4AF73419AE0C}.ReleaseKopiLua|x64.ActiveCfg = Release|Any CPU
		{2FB491E8-65AF-4C0D-A13E-4AF73419AE0C}.ReleaseKopiLua|x64.Build.0 = Release|Any CPU
		{2FB491E8-65AF-4C0D-A13E-4AF73419AE0C}.ReleaseKopiLua|x86.ActiveCfg = Release|Any CPU
		{2FB491E8-65AF-4C0D-A13E-4AF73419AE0C}.ReleaseKopiLua|x86.Build.0 = Release|Any CPU
		{2FB491E8-65AF-4C0D-A13E-4AF73419AE0C}.ReleaseWin|Any CPU.ActiveCfg = Release|Any CPU
		{2FB491E8-65AF-4C0D-A13E-4AF73419AE0C}.ReleaseWin|Any CPU.Build.0 = Release|Any CPU
		{2FB491E8-65AF-4C0D-A13E-4AF73419AE0C}.ReleaseWin|ARM.ActiveCfg = Release|Any CPU
		{2FB491E8-65AF-4C0D-A13E-4AF73419AE0C}.ReleaseWin|ARM.Build.0 = Release|Any CPU
		{2FB491E8-65AF-4C0D-A13E-4AF73419AE0C}.ReleaseWin|x64.ActiveCfg = Release|Any CPU
		{2FB491E8-65AF-4C0D-A13E-4AF73419AE0C}.ReleaseWin|x64.Build.0 = Release|Any CPU
		{2FB491E8-65AF-4C0D-A13E-4AF73419AE0C}.ReleaseWin|x86.ActiveCfg = Release|Any CPU
		{2FB491E8-65AF-4C0D-A13E-4AF73419AE0C}.ReleaseWin|x86.Build.0 = Release|Any CPU
		{4EEF2FFB-9E6F-490E-B8D0-19C10451B461}.Debug|Any CPU.ActiveCfg = Debug|Any CPU
		{4EEF2FFB-9E6F-490E-B8D0-19C10451B461}.Debug|Any CPU.Build.0 = Debug|Any CPU
		{4EEF2FFB-9E6F-490E-B8D0-19C10451B461}.Debug|ARM.ActiveCfg = Debug|Any CPU
		{4EEF2FFB-9E6F-490E-B8D0-19C10451B461}.Debug|ARM.Build.0 = Debug|Any CPU
		{4EEF2FFB-9E6F-490E-B8D0-19C10451B461}.Debug|x64.ActiveCfg = Debug|Any CPU
		{4EEF2FFB-9E6F-490E-B8D0-19C10451B461}.Debug|x64.Build.0 = Debug|Any CPU
		{4EEF2FFB-9E6F-490E-B8D0-19C10451B461}.Debug|x86.ActiveCfg = Debug|Any CPU
		{4EEF2FFB-9E6F-490E-B8D0-19C10451B461}.Debug|x86.Build.0 = Debug|Any CPU
		{4EEF2FFB-9E6F-490E-B8D0-19C10451B461}.DebugKopiLua|Any CPU.ActiveCfg = Debug|Any CPU
		{4EEF2FFB-9E6F-490E-B8D0-19C10451B461}.DebugKopiLua|Any CPU.Build.0 = Debug|Any CPU
		{4EEF2FFB-9E6F-490E-B8D0-19C10451B461}.DebugKopiLua|ARM.ActiveCfg = Debug|Any CPU
		{4EEF2FFB-9E6F-490E-B8D0-19C10451B461}.DebugKopiLua|ARM.Build.0 = Debug|Any CPU
		{4EEF2FFB-9E6F-490E-B8D0-19C10451B461}.DebugKopiLua|x64.ActiveCfg = Debug|Any CPU
		{4EEF2FFB-9E6F-490E-B8D0-19C10451B461}.DebugKopiLua|x64.Build.0 = Debug|Any CPU
		{4EEF2FFB-9E6F-490E-B8D0-19C10451B461}.DebugKopiLua|x86.ActiveCfg = Debug|Any CPU
		{4EEF2FFB-9E6F-490E-B8D0-19C10451B461}.DebugKopiLua|x86.Build.0 = Debug|Any CPU
		{4EEF2FFB-9E6F-490E-B8D0-19C10451B461}.DebugWin|Any CPU.ActiveCfg = Debug|Any CPU
		{4EEF2FFB-9E6F-490E-B8D0-19C10451B461}.DebugWin|Any CPU.Build.0 = Debug|Any CPU
		{4EEF2FFB-9E6F-490E-B8D0-19C10451B461}.DebugWin|ARM.ActiveCfg = Debug|Any CPU
		{4EEF2FFB-9E6F-490E-B8D0-19C10451B461}.DebugWin|ARM.Build.0 = Debug|Any CPU
		{4EEF2FFB-9E6F-490E-B8D0-19C10451B461}.DebugWin|x64.ActiveCfg = Debug|Any CPU
		{4EEF2FFB-9E6F-490E-B8D0-19C10451B461}.DebugWin|x64.Build.0 = Debug|Any CPU
		{4EEF2FFB-9E6F-490E-B8D0-19C10451B461}.DebugWin|x86.ActiveCfg = Debug|Any CPU
		{4EEF2FFB-9E6F-490E-B8D0-19C10451B461}.DebugWin|x86.Build.0 = Debug|Any CPU
		{4EEF2FFB-9E6F-490E-B8D0-19C10451B461}.Release|Any CPU.ActiveCfg = Release|Any CPU
		{4EEF2FFB-9E6F-490E-B8D0-19C10451B461}.Release|Any CPU.Build.0 = Release|Any CPU
		{4EEF2FFB-9E6F-490E-B8D0-19C10451B461}.Release|ARM.ActiveCfg = Release|Any CPU
		{4EEF2FFB-9E6F-490E-B8D0-19C10451B461}.Release|ARM.Build.0 = Release|Any CPU
		{4EEF2FFB-9E6F-490E-B8D0-19C10451B461}.Release|x64.ActiveCfg = Release|Any CPU
		{4EEF2FFB-9E6F-490E-B8D0-19C10451B461}.Release|x64.Build.0 = Release|Any CPU
		{4EEF2FFB-9E6F-490E-B8D0-19C10451B461}.Release|x86.ActiveCfg = Release|Any CPU
		{4EEF2FFB-9E6F-490E-B8D0-19C10451B461}.Release|x86.Build.0 = Release|Any CPU
		{4EEF2FFB-9E6F-490E-B8D0-19C10451B461}.ReleaseKopiLua|Any CPU.ActiveCfg = Release|Any CPU
		{4EEF2FFB-9E6F-490E-B8D0-19C10451B461}.ReleaseKopiLua|Any CPU.Build.0 = Release|Any CPU
		{4EEF2FFB-9E6F-490E-B8D0-19C10451B461}.ReleaseKopiLua|ARM.ActiveCfg = Release|Any CPU
		{4EEF2FFB-9E6F-490E-B8D0-19C10451B461}.ReleaseKopiLua|ARM.Build.0 = Release|Any CPU
		{4EEF2FFB-9E6F-490E-B8D0-19C10451B461}.ReleaseKopiLua|x64.ActiveCfg = Release|Any CPU
		{4EEF2FFB-9E6F-490E-B8D0-19C10451B461}.ReleaseKopiLua|x64.Build.0 = Release|Any CPU
		{4EEF2FFB-9E6F-490E-B8D0-19C10451B461}.ReleaseKopiLua|x86.ActiveCfg = Release|Any CPU
		{4EEF2FFB-9E6F-490E-B8D0-19C10451B461}.ReleaseKopiLua|x86.Build.0 = Release|Any CPU
		{4EEF2FFB-9E6F-490E-B8D0-19C10451B461}.ReleaseWin|Any CPU.ActiveCfg = Release|Any CPU
		{4EEF2FFB-9E6F-490E-B8D0-19C10451B461}.ReleaseWin|Any CPU.Build.0 = Release|Any CPU
		{4EEF2FFB-9E6F-490E-B8D0-19C10451B461}.ReleaseWin|ARM.ActiveCfg = Release|Any CPU
		{4EEF2FFB-9E6F-490E-B8D0-19C10451B461}.ReleaseWin|ARM.Build.0 = Release|Any CPU
		{4EEF2FFB-9E6F-490E-B8D0-19C10451B461}.ReleaseWin|x64.ActiveCfg = Release|Any CPU
		{4EEF2FFB-9E6F-490E-B8D0-19C10451B461}.ReleaseWin|x64.Build.0 = Release|Any CPU
		{4EEF2FFB-9E6F-490E-B8D0-19C10451B461}.ReleaseWin|x86.ActiveCfg = Release|Any CPU
		{4EEF2FFB-9E6F-490E-B8D0-19C10451B461}.ReleaseWin|x86.Build.0 = Release|Any CPU
	EndGlobalSection
	GlobalSection(SolutionProperties) = preSolution
		HideSolutionNode = FALSE
	EndGlobalSection
	GlobalSection(NestedProjects) = preSolution
		{A9E5F8D0-D9CF-4FBE-973A-9C6C133E1D59} = {493E4616-0BE8-4670-AA9C-6A66803B5C2C}
		{1AAF4B4D-2986-4F56-BEBC-EEC6EA0EE435} = {B4A47DD6-DCB7-4F69-9104-28F7F14FE9F4}
		{66472AE2-2A90-455C-AB96-9A15D1040699} = {493E4616-0BE8-4670-AA9C-6A66803B5C2C}
		{488DD8F7-9D3C-4F53-BD1F-84A095D9BC10} = {B4A47DD6-DCB7-4F69-9104-28F7F14FE9F4}
		{99334DBF-2673-46A8-B38C-62693050264B} = {493E4616-0BE8-4670-AA9C-6A66803B5C2C}
		{1BF58914-ED4F-4780-867A-06094E1B45AB} = {B4A47DD6-DCB7-4F69-9104-28F7F14FE9F4}
		{09AEBB35-719E-4E32-9836-F57D7D6F1607} = {1BF58914-ED4F-4780-867A-06094E1B45AB}
		{2FB491E8-65AF-4C0D-A13E-4AF73419AE0C} = {1BF58914-ED4F-4780-867A-06094E1B45AB}
		{4EEF2FFB-9E6F-490E-B8D0-19C10451B461} = {493E4616-0BE8-4670-AA9C-6A66803B5C2C}
	EndGlobalSection
	GlobalSection(ExtensibilityGlobals) = postSolution
		SolutionGuid = {DBCD9733-E3DB-4D62-8D03-48DF8B0D4B44}
	EndGlobalSection
EndGlobal
