
Microsoft Visual Studio Solution File, Format Version 12.00
# Visual Studio 15
VisualStudioVersion = 15.0.26730.10
MinimumVisualStudioVersion = 10.0.40219.1
Project("{F184B08F-C81C-45F6-A57F-5ABD9991F28F}") = "DaS.BossRush", "DaS.BossRush\DaS.BossRush.vbproj", "{A9E5F8D0-D9CF-4FBE-973A-9C6C133E1D59}"
EndProject
Project("{F184B08F-C81C-45F6-A57F-5ABD9991F28F}") = "DaS.ScriptLib", "DaS.ScriptLib\DaS.ScriptLib.vbproj", "{2A373330-933C-4A80-ADFB-39F5E0ECBC35}"
EndProject
Project("{FAE04EC0-301F-11D3-BF4B-00C04F79EFBC}") = "AutocompleteMenuNS", "Lib\AutocompleteMenuNS\AutocompleteMenuNS.csproj", "{43CBC9AA-6A8E-463F-83A9-AFF3124AFDB6}"
EndProject
Project("{FAE04EC0-301F-11D3-BF4B-00C04F79EFBC}") = "Managed.X86", "Lib\Managed.X86\Managed.X86.csproj", "{1AAF4B4D-2986-4F56-BEBC-EEC6EA0EE435}"
EndProject
Project("{2150E333-8FDC-42A3-9474-1A3956D46DE8}") = "Lib", "Lib", "{B4A47DD6-DCB7-4F69-9104-28F7F14FE9F4}"
EndProject
Project("{2150E333-8FDC-42A3-9474-1A3956D46DE8}") = "Src", "Src", "{493E4616-0BE8-4670-AA9C-6A66803B5C2C}"
EndProject
Project("{FAE04EC0-301F-11D3-BF4B-00C04F79EFBC}") = "NLua.Net45", "Lib\NLua\Core\NLua\NLua.Net45.csproj", "{F55CABBB-4108-4A39-94E1-581FD46DC021}"
EndProject
Project("{2150E333-8FDC-42A3-9474-1A3956D46DE8}") = "NLua", "NLua", "{CAC66CCF-6228-4ADC-9EDA-D7855C60899D}"
EndProject
Project("{FAE04EC0-301F-11D3-BF4B-00C04F79EFBC}") = "KeraLua.Net45", "Lib\NLua\Core\KeraLua\KeraLua.Net45.csproj", "{47153754-10F5-44D8-B578-F5A32B69061A}"
EndProject
Project("{FAE04EC0-301F-11D3-BF4B-00C04F79EFBC}") = "DaS.ScriptLib.QuickRunner", "DaS.ScriptLib.QuickRunner\DaS.ScriptLib.QuickRunner.csproj", "{2BD9587D-CAF1-4191-9C53-6DE208EA8DE1}"
EndProject
Project("{FAE04EC0-301F-11D3-BF4B-00C04F79EFBC}") = "DaS.ScriptEditor.NEW", "DaS.ScriptEditor.NEW\DaS.ScriptEditor.NEW.csproj", "{66472AE2-2A90-455C-AB96-9A15D1040699}"
EndProject
Global
	GlobalSection(SolutionConfigurationPlatforms) = preSolution
		Debug|Any CPU = Debug|Any CPU
		DebugKopiLua|Any CPU = DebugKopiLua|Any CPU
		DebugWin|Any CPU = DebugWin|Any CPU
		Release|Any CPU = Release|Any CPU
		ReleaseKopiLua|Any CPU = ReleaseKopiLua|Any CPU
		ReleaseWin|Any CPU = ReleaseWin|Any CPU
	EndGlobalSection
	GlobalSection(ProjectConfigurationPlatforms) = postSolution
		{A9E5F8D0-D9CF-4FBE-973A-9C6C133E1D59}.Debug|Any CPU.ActiveCfg = Debug|Any CPU
		{A9E5F8D0-D9CF-4FBE-973A-9C6C133E1D59}.Debug|Any CPU.Build.0 = Debug|Any CPU
		{A9E5F8D0-D9CF-4FBE-973A-9C6C133E1D59}.DebugKopiLua|Any CPU.ActiveCfg = Debug|Any CPU
		{A9E5F8D0-D9CF-4FBE-973A-9C6C133E1D59}.DebugKopiLua|Any CPU.Build.0 = Debug|Any CPU
		{A9E5F8D0-D9CF-4FBE-973A-9C6C133E1D59}.DebugWin|Any CPU.ActiveCfg = Debug|Any CPU
		{A9E5F8D0-D9CF-4FBE-973A-9C6C133E1D59}.DebugWin|Any CPU.Build.0 = Debug|Any CPU
		{A9E5F8D0-D9CF-4FBE-973A-9C6C133E1D59}.Release|Any CPU.ActiveCfg = Release|Any CPU
		{A9E5F8D0-D9CF-4FBE-973A-9C6C133E1D59}.Release|Any CPU.Build.0 = Release|Any CPU
		{A9E5F8D0-D9CF-4FBE-973A-9C6C133E1D59}.ReleaseKopiLua|Any CPU.ActiveCfg = Release|Any CPU
		{A9E5F8D0-D9CF-4FBE-973A-9C6C133E1D59}.ReleaseKopiLua|Any CPU.Build.0 = Release|Any CPU
		{A9E5F8D0-D9CF-4FBE-973A-9C6C133E1D59}.ReleaseWin|Any CPU.ActiveCfg = Release|Any CPU
		{A9E5F8D0-D9CF-4FBE-973A-9C6C133E1D59}.ReleaseWin|Any CPU.Build.0 = Release|Any CPU
		{2A373330-933C-4A80-ADFB-39F5E0ECBC35}.Debug|Any CPU.ActiveCfg = Debug|Any CPU
		{2A373330-933C-4A80-ADFB-39F5E0ECBC35}.Debug|Any CPU.Build.0 = Debug|Any CPU
		{2A373330-933C-4A80-ADFB-39F5E0ECBC35}.DebugKopiLua|Any CPU.ActiveCfg = Debug|Any CPU
		{2A373330-933C-4A80-ADFB-39F5E0ECBC35}.DebugKopiLua|Any CPU.Build.0 = Debug|Any CPU
		{2A373330-933C-4A80-ADFB-39F5E0ECBC35}.DebugWin|Any CPU.ActiveCfg = Debug|Any CPU
		{2A373330-933C-4A80-ADFB-39F5E0ECBC35}.DebugWin|Any CPU.Build.0 = Debug|Any CPU
		{2A373330-933C-4A80-ADFB-39F5E0ECBC35}.Release|Any CPU.ActiveCfg = Release|Any CPU
		{2A373330-933C-4A80-ADFB-39F5E0ECBC35}.Release|Any CPU.Build.0 = Release|Any CPU
		{2A373330-933C-4A80-ADFB-39F5E0ECBC35}.ReleaseKopiLua|Any CPU.ActiveCfg = Release|Any CPU
		{2A373330-933C-4A80-ADFB-39F5E0ECBC35}.ReleaseKopiLua|Any CPU.Build.0 = Release|Any CPU
		{2A373330-933C-4A80-ADFB-39F5E0ECBC35}.ReleaseWin|Any CPU.ActiveCfg = Release|Any CPU
		{2A373330-933C-4A80-ADFB-39F5E0ECBC35}.ReleaseWin|Any CPU.Build.0 = Release|Any CPU
		{43CBC9AA-6A8E-463F-83A9-AFF3124AFDB6}.Debug|Any CPU.ActiveCfg = Debug|Any CPU
		{43CBC9AA-6A8E-463F-83A9-AFF3124AFDB6}.Debug|Any CPU.Build.0 = Debug|Any CPU
		{43CBC9AA-6A8E-463F-83A9-AFF3124AFDB6}.DebugKopiLua|Any CPU.ActiveCfg = Debug|Any CPU
		{43CBC9AA-6A8E-463F-83A9-AFF3124AFDB6}.DebugKopiLua|Any CPU.Build.0 = Debug|Any CPU
		{43CBC9AA-6A8E-463F-83A9-AFF3124AFDB6}.DebugWin|Any CPU.ActiveCfg = Debug|Any CPU
		{43CBC9AA-6A8E-463F-83A9-AFF3124AFDB6}.DebugWin|Any CPU.Build.0 = Debug|Any CPU
		{43CBC9AA-6A8E-463F-83A9-AFF3124AFDB6}.Release|Any CPU.ActiveCfg = Release|Any CPU
		{43CBC9AA-6A8E-463F-83A9-AFF3124AFDB6}.Release|Any CPU.Build.0 = Release|Any CPU
		{43CBC9AA-6A8E-463F-83A9-AFF3124AFDB6}.ReleaseKopiLua|Any CPU.ActiveCfg = Release|Any CPU
		{43CBC9AA-6A8E-463F-83A9-AFF3124AFDB6}.ReleaseKopiLua|Any CPU.Build.0 = Release|Any CPU
		{43CBC9AA-6A8E-463F-83A9-AFF3124AFDB6}.ReleaseWin|Any CPU.ActiveCfg = Release|Any CPU
		{43CBC9AA-6A8E-463F-83A9-AFF3124AFDB6}.ReleaseWin|Any CPU.Build.0 = Release|Any CPU
		{1AAF4B4D-2986-4F56-BEBC-EEC6EA0EE435}.Debug|Any CPU.ActiveCfg = Debug|Any CPU
		{1AAF4B4D-2986-4F56-BEBC-EEC6EA0EE435}.Debug|Any CPU.Build.0 = Debug|Any CPU
		{1AAF4B4D-2986-4F56-BEBC-EEC6EA0EE435}.DebugKopiLua|Any CPU.ActiveCfg = Debug|Any CPU
		{1AAF4B4D-2986-4F56-BEBC-EEC6EA0EE435}.DebugKopiLua|Any CPU.Build.0 = Debug|Any CPU
		{1AAF4B4D-2986-4F56-BEBC-EEC6EA0EE435}.DebugWin|Any CPU.ActiveCfg = Debug|Any CPU
		{1AAF4B4D-2986-4F56-BEBC-EEC6EA0EE435}.DebugWin|Any CPU.Build.0 = Debug|Any CPU
		{1AAF4B4D-2986-4F56-BEBC-EEC6EA0EE435}.Release|Any CPU.ActiveCfg = Release|Any CPU
		{1AAF4B4D-2986-4F56-BEBC-EEC6EA0EE435}.Release|Any CPU.Build.0 = Release|Any CPU
		{1AAF4B4D-2986-4F56-BEBC-EEC6EA0EE435}.ReleaseKopiLua|Any CPU.ActiveCfg = Release|Any CPU
		{1AAF4B4D-2986-4F56-BEBC-EEC6EA0EE435}.ReleaseKopiLua|Any CPU.Build.0 = Release|Any CPU
		{1AAF4B4D-2986-4F56-BEBC-EEC6EA0EE435}.ReleaseWin|Any CPU.ActiveCfg = Release|Any CPU
		{1AAF4B4D-2986-4F56-BEBC-EEC6EA0EE435}.ReleaseWin|Any CPU.Build.0 = Release|Any CPU
		{F55CABBB-4108-4A39-94E1-581FD46DC021}.Debug|Any CPU.ActiveCfg = Debug|Any CPU
		{F55CABBB-4108-4A39-94E1-581FD46DC021}.Debug|Any CPU.Build.0 = Debug|Any CPU
		{F55CABBB-4108-4A39-94E1-581FD46DC021}.DebugKopiLua|Any CPU.ActiveCfg = DebugKopiLua|Any CPU
		{F55CABBB-4108-4A39-94E1-581FD46DC021}.DebugKopiLua|Any CPU.Build.0 = DebugKopiLua|Any CPU
		{F55CABBB-4108-4A39-94E1-581FD46DC021}.DebugWin|Any CPU.ActiveCfg = DebugKopiLua|Any CPU
		{F55CABBB-4108-4A39-94E1-581FD46DC021}.DebugWin|Any CPU.Build.0 = DebugKopiLua|Any CPU
		{F55CABBB-4108-4A39-94E1-581FD46DC021}.Release|Any CPU.ActiveCfg = Release|Any CPU
		{F55CABBB-4108-4A39-94E1-581FD46DC021}.Release|Any CPU.Build.0 = Release|Any CPU
		{F55CABBB-4108-4A39-94E1-581FD46DC021}.ReleaseKopiLua|Any CPU.ActiveCfg = ReleaseKopiLua|Any CPU
		{F55CABBB-4108-4A39-94E1-581FD46DC021}.ReleaseKopiLua|Any CPU.Build.0 = ReleaseKopiLua|Any CPU
		{F55CABBB-4108-4A39-94E1-581FD46DC021}.ReleaseWin|Any CPU.ActiveCfg = ReleaseKopiLua|Any CPU
		{F55CABBB-4108-4A39-94E1-581FD46DC021}.ReleaseWin|Any CPU.Build.0 = ReleaseKopiLua|Any CPU
		{47153754-10F5-44D8-B578-F5A32B69061A}.Debug|Any CPU.ActiveCfg = Debug|Any CPU
		{47153754-10F5-44D8-B578-F5A32B69061A}.Debug|Any CPU.Build.0 = Debug|Any CPU
		{47153754-10F5-44D8-B578-F5A32B69061A}.DebugKopiLua|Any CPU.ActiveCfg = DebugWin|Any CPU
		{47153754-10F5-44D8-B578-F5A32B69061A}.DebugKopiLua|Any CPU.Build.0 = DebugWin|Any CPU
		{47153754-10F5-44D8-B578-F5A32B69061A}.DebugWin|Any CPU.ActiveCfg = DebugWin|Any CPU
		{47153754-10F5-44D8-B578-F5A32B69061A}.DebugWin|Any CPU.Build.0 = DebugWin|Any CPU
		{47153754-10F5-44D8-B578-F5A32B69061A}.Release|Any CPU.ActiveCfg = Release|Any CPU
		{47153754-10F5-44D8-B578-F5A32B69061A}.Release|Any CPU.Build.0 = Release|Any CPU
		{47153754-10F5-44D8-B578-F5A32B69061A}.ReleaseKopiLua|Any CPU.ActiveCfg = ReleaseWin|Any CPU
		{47153754-10F5-44D8-B578-F5A32B69061A}.ReleaseKopiLua|Any CPU.Build.0 = ReleaseWin|Any CPU
		{47153754-10F5-44D8-B578-F5A32B69061A}.ReleaseWin|Any CPU.ActiveCfg = ReleaseWin|Any CPU
		{47153754-10F5-44D8-B578-F5A32B69061A}.ReleaseWin|Any CPU.Build.0 = ReleaseWin|Any CPU
		{2BD9587D-CAF1-4191-9C53-6DE208EA8DE1}.Debug|Any CPU.ActiveCfg = Debug|Any CPU
		{2BD9587D-CAF1-4191-9C53-6DE208EA8DE1}.Debug|Any CPU.Build.0 = Debug|Any CPU
		{2BD9587D-CAF1-4191-9C53-6DE208EA8DE1}.DebugKopiLua|Any CPU.ActiveCfg = Debug|Any CPU
		{2BD9587D-CAF1-4191-9C53-6DE208EA8DE1}.DebugKopiLua|Any CPU.Build.0 = Debug|Any CPU
		{2BD9587D-CAF1-4191-9C53-6DE208EA8DE1}.DebugWin|Any CPU.ActiveCfg = Debug|Any CPU
		{2BD9587D-CAF1-4191-9C53-6DE208EA8DE1}.DebugWin|Any CPU.Build.0 = Debug|Any CPU
		{2BD9587D-CAF1-4191-9C53-6DE208EA8DE1}.Release|Any CPU.ActiveCfg = Release|Any CPU
		{2BD9587D-CAF1-4191-9C53-6DE208EA8DE1}.Release|Any CPU.Build.0 = Release|Any CPU
		{2BD9587D-CAF1-4191-9C53-6DE208EA8DE1}.ReleaseKopiLua|Any CPU.ActiveCfg = Release|Any CPU
		{2BD9587D-CAF1-4191-9C53-6DE208EA8DE1}.ReleaseKopiLua|Any CPU.Build.0 = Release|Any CPU
		{2BD9587D-CAF1-4191-9C53-6DE208EA8DE1}.ReleaseWin|Any CPU.ActiveCfg = Release|Any CPU
		{2BD9587D-CAF1-4191-9C53-6DE208EA8DE1}.ReleaseWin|Any CPU.Build.0 = Release|Any CPU
		{66472AE2-2A90-455C-AB96-9A15D1040699}.Debug|Any CPU.ActiveCfg = Debug|Any CPU
		{66472AE2-2A90-455C-AB96-9A15D1040699}.Debug|Any CPU.Build.0 = Debug|Any CPU
		{66472AE2-2A90-455C-AB96-9A15D1040699}.DebugKopiLua|Any CPU.ActiveCfg = Debug|Any CPU
		{66472AE2-2A90-455C-AB96-9A15D1040699}.DebugKopiLua|Any CPU.Build.0 = Debug|Any CPU
		{66472AE2-2A90-455C-AB96-9A15D1040699}.DebugWin|Any CPU.ActiveCfg = Debug|Any CPU
		{66472AE2-2A90-455C-AB96-9A15D1040699}.DebugWin|Any CPU.Build.0 = Debug|Any CPU
		{66472AE2-2A90-455C-AB96-9A15D1040699}.Release|Any CPU.ActiveCfg = Release|Any CPU
		{66472AE2-2A90-455C-AB96-9A15D1040699}.Release|Any CPU.Build.0 = Release|Any CPU
		{66472AE2-2A90-455C-AB96-9A15D1040699}.ReleaseKopiLua|Any CPU.ActiveCfg = Release|Any CPU
		{66472AE2-2A90-455C-AB96-9A15D1040699}.ReleaseKopiLua|Any CPU.Build.0 = Release|Any CPU
		{66472AE2-2A90-455C-AB96-9A15D1040699}.ReleaseWin|Any CPU.ActiveCfg = Release|Any CPU
		{66472AE2-2A90-455C-AB96-9A15D1040699}.ReleaseWin|Any CPU.Build.0 = Release|Any CPU
	EndGlobalSection
	GlobalSection(SolutionProperties) = preSolution
		HideSolutionNode = FALSE
	EndGlobalSection
	GlobalSection(NestedProjects) = preSolution
		{A9E5F8D0-D9CF-4FBE-973A-9C6C133E1D59} = {493E4616-0BE8-4670-AA9C-6A66803B5C2C}
		{2A373330-933C-4A80-ADFB-39F5E0ECBC35} = {493E4616-0BE8-4670-AA9C-6A66803B5C2C}
		{43CBC9AA-6A8E-463F-83A9-AFF3124AFDB6} = {B4A47DD6-DCB7-4F69-9104-28F7F14FE9F4}
		{1AAF4B4D-2986-4F56-BEBC-EEC6EA0EE435} = {B4A47DD6-DCB7-4F69-9104-28F7F14FE9F4}
		{F55CABBB-4108-4A39-94E1-581FD46DC021} = {CAC66CCF-6228-4ADC-9EDA-D7855C60899D}
		{CAC66CCF-6228-4ADC-9EDA-D7855C60899D} = {B4A47DD6-DCB7-4F69-9104-28F7F14FE9F4}
		{47153754-10F5-44D8-B578-F5A32B69061A} = {CAC66CCF-6228-4ADC-9EDA-D7855C60899D}
		{2BD9587D-CAF1-4191-9C53-6DE208EA8DE1} = {493E4616-0BE8-4670-AA9C-6A66803B5C2C}
		{66472AE2-2A90-455C-AB96-9A15D1040699} = {493E4616-0BE8-4670-AA9C-6A66803B5C2C}
	EndGlobalSection
	GlobalSection(ExtensibilityGlobals) = postSolution
		SolutionGuid = {DBCD9733-E3DB-4D62-8D03-48DF8B0D4B44}
	EndGlobalSection
EndGlobal
